
Microsoft Visual Studio Solution File, Format Version 12.00
# Visual Studio Version 17
VisualStudioVersion = 17.0.31912.275
MinimumVisualStudioVersion = 10.0.40219.1
Project("{9A19103F-16F7-4668-BE54-9A1E7A4F7556}") = "MyProject.Server", "MyProject\Server\MyProject.Server.csproj", "{9F1D6703-7859-4871-B737-B494FCC072A3}"
EndProject
Project("{9A19103F-16F7-4668-BE54-9A1E7A4F7556}") = "MyProject.Client", "MyProject\Client\MyProject.Client.csproj", "{919D3CF0-2643-4E13-B318-754A4BCC7E32}"
EndProject
Project("{9A19103F-16F7-4668-BE54-9A1E7A4F7556}") = "MyProject.Shared", "MyProject\Shared\MyProject.Shared.csproj", "{A7D3CC7B-860C-4988-8538-A4C6F11FB47A}"
EndProject
Global
	GlobalSection(SolutionConfigurationPlatforms) = preSolution
		Debug|Any CPU = Debug|Any CPU
		Release|Any CPU = Release|Any CPU
	EndGlobalSection
	GlobalSection(ProjectConfigurationPlatforms) = postSolution
		{9F1D6703-7859-4871-B737-B494FCC072A3}.Debug|Any CPU.ActiveCfg = Debug|Any CPU
		{9F1D6703-7859-4871-B737-B494FCC072A3}.Debug|Any CPU.Build.0 = Debug|Any CPU
		{9F1D6703-7859-4871-B737-B494FCC072A3}.Release|Any CPU.ActiveCfg = Release|Any CPU
		{9F1D6703-7859-4871-B737-B494FCC072A3}.Release|Any CPU.Build.0 = Release|Any CPU
		{919D3CF0-2643-4E13-B318-754A4BCC7E32}.Debug|Any CPU.ActiveCfg = Debug|Any CPU
		{919D3CF0-2643-4E13-B318-754A4BCC7E32}.Debug|Any CPU.Build.0 = Debug|Any CPU
		{919D3CF0-2643-4E13-B318-754A4BCC7E32}.Release|Any CPU.ActiveCfg = Release|Any CPU
		{919D3CF0-2643-4E13-B318-754A4BCC7E32}.Release|Any CPU.Build.0 = Release|Any CPU
		{A7D3CC7B-860C-4988-8538-A4C6F11FB47A}.Debug|Any CPU.ActiveCfg = Debug|Any CPU
		{A7D3CC7B-860C-4988-8538-A4C6F11FB47A}.Debug|Any CPU.Build.0 = Debug|Any CPU
		{A7D3CC7B-860C-4988-8538-A4C6F11FB47A}.Release|Any CPU.ActiveCfg = Release|Any CPU
		{A7D3CC7B-860C-4988-8538-A4C6F11FB47A}.Release|Any CPU.Build.0 = Release|Any CPU
	EndGlobalSection
	GlobalSection(SolutionProperties) = preSolution
		HideSolutionNode = FALSE
	EndGlobalSection
	GlobalSection(ExtensibilityGlobals) = postSolution
		SolutionGuid = {C3377B26-6AE8-452C-B93B-044D200E36AD}
	EndGlobalSection
EndGlobal
